
Microsoft Visual Studio Solution File, Format Version 12.00
# Visual Studio Version 16
VisualStudioVersion = 16.0.30406.217
MinimumVisualStudioVersion = 10.0.40219.1
Project("{FAE04EC0-301F-11D3-BF4B-00C04F79EFBC}") = "El_Proffesora", "El_Proffesora\El_Proffesora.csproj", "{090940C5-1EB1-4DD8-8DDE-61C0538FDCCB}"
EndProject
Global
	GlobalSection(SolutionConfigurationPlatforms) = preSolution
		Debug|Any CPU = Debug|Any CPU
		Release|Any CPU = Release|Any CPU
	EndGlobalSection
	GlobalSection(ProjectConfigurationPlatforms) = postSolution
		{090940C5-1EB1-4DD8-8DDE-61C0538FDCCB}.Debug|Any CPU.ActiveCfg = Debug|Any CPU
		{090940C5-1EB1-4DD8-8DDE-61C0538FDCCB}.Debug|Any CPU.Build.0 = Debug|Any CPU
		{090940C5-1EB1-4DD8-8DDE-61C0538FDCCB}.Release|Any CPU.ActiveCfg = Release|Any CPU
		{090940C5-1EB1-4DD8-8DDE-61C0538FDCCB}.Release|Any CPU.Build.0 = Release|Any CPU
	EndGlobalSection
	GlobalSection(SolutionProperties) = preSolution
		HideSolutionNode = FALSE
	EndGlobalSection
	GlobalSection(ExtensibilityGlobals) = postSolution
		SolutionGuid = {58779C8C-76F3-4F7C-9F5F-FCDAE7780370}
	EndGlobalSection
EndGlobal
